
Microsoft Visual Studio Solution File, Format Version 12.00
# Visual Studio 2013
VisualStudioVersion = 12.0.31101.0
MinimumVisualStudioVersion = 10.0.40219.1
Project("{FAE04EC0-301F-11D3-BF4B-00C04F79EFBC}") = "StudentSystem.Models", "StudentSystem.Models\StudentSystem.Models.csproj", "{D9B92771-FA1F-4F79-B811-A6CD954BF10E}"
EndProject
Project("{FAE04EC0-301F-11D3-BF4B-00C04F79EFBC}") = "StudentSystem.Data", "StudentSystem.Data\StudentSystem.Data.csproj", "{324EF7BD-4CD7-4A34-A2BB-6CB6F6412BD5}"
EndProject
Project("{FAE04EC0-301F-11D3-BF4B-00C04F79EFBC}") = "StudentSystem.CClient", "StudentSystem.CClient\StudentSystem.CClient.csproj", "{8FC74219-979A-4486-89E8-54AA633A2928}"
EndProject
Global
	GlobalSection(SolutionConfigurationPlatforms) = preSolution
		Debug|Any CPU = Debug|Any CPU
		Release|Any CPU = Release|Any CPU
	EndGlobalSection
	GlobalSection(ProjectConfigurationPlatforms) = postSolution
		{D9B92771-FA1F-4F79-B811-A6CD954BF10E}.Debug|Any CPU.ActiveCfg = Debug|Any CPU
		{D9B92771-FA1F-4F79-B811-A6CD954BF10E}.Debug|Any CPU.Build.0 = Debug|Any CPU
		{D9B92771-FA1F-4F79-B811-A6CD954BF10E}.Release|Any CPU.ActiveCfg = Release|Any CPU
		{D9B92771-FA1F-4F79-B811-A6CD954BF10E}.Release|Any CPU.Build.0 = Release|Any CPU
		{324EF7BD-4CD7-4A34-A2BB-6CB6F6412BD5}.Debug|Any CPU.ActiveCfg = Debug|Any CPU
		{324EF7BD-4CD7-4A34-A2BB-6CB6F6412BD5}.Debug|Any CPU.Build.0 = Debug|Any CPU
		{324EF7BD-4CD7-4A34-A2BB-6CB6F6412BD5}.Release|Any CPU.ActiveCfg = Release|Any CPU
		{324EF7BD-4CD7-4A34-A2BB-6CB6F6412BD5}.Release|Any CPU.Build.0 = Release|Any CPU
		{8FC74219-979A-4486-89E8-54AA633A2928}.Debug|Any CPU.ActiveCfg = Debug|Any CPU
		{8FC74219-979A-4486-89E8-54AA633A2928}.Debug|Any CPU.Build.0 = Debug|Any CPU
		{8FC74219-979A-4486-89E8-54AA633A2928}.Release|Any CPU.ActiveCfg = Release|Any CPU
		{8FC74219-979A-4486-89E8-54AA633A2928}.Release|Any CPU.Build.0 = Release|Any CPU
	EndGlobalSection
	GlobalSection(SolutionProperties) = preSolution
		HideSolutionNode = FALSE
	EndGlobalSection
EndGlobal
